
Microsoft Visual Studio Solution File, Format Version 12.00
Project("{FAE04EC0-301F-11D3-BF4B-00C04F79EFBC}") = "IdentityServer.Api", "IdentityServer.Api\IdentityServer.Api.csproj", "{0F3E4178-982A-4C21-9EB7-84F25FA96C88}"
EndProject
Project("{2150E333-8FDC-42A3-9474-1A3956D46DE8}") = "src", "src", "{B521ECA2-67D6-4387-A199-9B9CF2FA32BB}"
EndProject
Project("{2150E333-8FDC-42A3-9474-1A3956D46DE8}") = "tests", "tests", "{CAE024CF-9D4B-4F38-A454-01494E6F4755}"
EndProject
Project("{FAE04EC0-301F-11D3-BF4B-00C04F79EFBC}") = "IdentityServer.Api.Tests", "IdentityServer.Api.Tests\IdentityServer.Api.Tests.csproj", "{92BEEB2B-C824-4AD1-8BCC-6B754110EF0C}"
EndProject
Project("{FAE04EC0-301F-11D3-BF4B-00C04F79EFBC}") = "IdentityServer.Core", "IdentityServer.Core\IdentityServer.Core.csproj", "{D454D782-8D19-440C-9DBD-F277E3887F70}"
EndProject
Project("{FAE04EC0-301F-11D3-BF4B-00C04F79EFBC}") = "IdentityServer.Infrastructure", "IdentityServer.Infrastructure\IdentityServer.Infrastructure.csproj", "{66BAE0E1-D2EE-421F-AAB2-AB77EF8A99BC}"
EndProject
Project("{FAE04EC0-301F-11D3-BF4B-00C04F79EFBC}") = "IdentityServer.Data", "IdentityServer.Data\IdentityServer.Data.csproj", "{C5110F00-BAE1-4322-A548-EDFBB6172241}"
EndProject
Project("{FAE04EC0-301F-11D3-BF4B-00C04F79EFBC}") = "IdentityServer.Data.Tests", "IdentityServer.Data.Tests\IdentityServer.Data.Tests.csproj", "{5F7C11D6-9C94-4FBD-95C2-9DD35B58C123}"
EndProject
Project("{FAE04EC0-301F-11D3-BF4B-00C04F79EFBC}") = "IdentityServer.Infrastructure.Tests", "IdentityServer.Infrastructure.Tests\IdentityServer.Infrastructure.Tests.csproj", "{8D9F4808-F110-4797-8116-AD3E815D380E}"
EndProject
Project("{FAE04EC0-301F-11D3-BF4B-00C04F79EFBC}") = "IdentityServer.Core.Tests", "IdentityServer.Core.Tests\IdentityServer.Core.Tests.csproj", "{22C4775E-2AE9-47B5-BFE7-E3BCB2E04471}"
EndProject
Project("{FAE04EC0-301F-11D3-BF4B-00C04F79EFBC}") = "MailSender", "MailSender\MailSender.csproj", "{20DE7BAE-E38C-4DBC-91F9-9531E4087B41}"
EndProject
Global
	GlobalSection(SolutionConfigurationPlatforms) = preSolution
		Debug|Any CPU = Debug|Any CPU
		Release|Any CPU = Release|Any CPU
	EndGlobalSection
	GlobalSection(ProjectConfigurationPlatforms) = postSolution
		{0F3E4178-982A-4C21-9EB7-84F25FA96C88}.Debug|Any CPU.ActiveCfg = Debug|Any CPU
		{0F3E4178-982A-4C21-9EB7-84F25FA96C88}.Debug|Any CPU.Build.0 = Debug|Any CPU
		{0F3E4178-982A-4C21-9EB7-84F25FA96C88}.Release|Any CPU.ActiveCfg = Release|Any CPU
		{0F3E4178-982A-4C21-9EB7-84F25FA96C88}.Release|Any CPU.Build.0 = Release|Any CPU
		{92BEEB2B-C824-4AD1-8BCC-6B754110EF0C}.Debug|Any CPU.ActiveCfg = Debug|Any CPU
		{92BEEB2B-C824-4AD1-8BCC-6B754110EF0C}.Debug|Any CPU.Build.0 = Debug|Any CPU
		{92BEEB2B-C824-4AD1-8BCC-6B754110EF0C}.Release|Any CPU.ActiveCfg = Release|Any CPU
		{92BEEB2B-C824-4AD1-8BCC-6B754110EF0C}.Release|Any CPU.Build.0 = Release|Any CPU
		{D454D782-8D19-440C-9DBD-F277E3887F70}.Debug|Any CPU.ActiveCfg = Debug|Any CPU
		{D454D782-8D19-440C-9DBD-F277E3887F70}.Debug|Any CPU.Build.0 = Debug|Any CPU
		{D454D782-8D19-440C-9DBD-F277E3887F70}.Release|Any CPU.ActiveCfg = Release|Any CPU
		{D454D782-8D19-440C-9DBD-F277E3887F70}.Release|Any CPU.Build.0 = Release|Any CPU
		{66BAE0E1-D2EE-421F-AAB2-AB77EF8A99BC}.Debug|Any CPU.ActiveCfg = Debug|Any CPU
		{66BAE0E1-D2EE-421F-AAB2-AB77EF8A99BC}.Debug|Any CPU.Build.0 = Debug|Any CPU
		{66BAE0E1-D2EE-421F-AAB2-AB77EF8A99BC}.Release|Any CPU.ActiveCfg = Release|Any CPU
		{66BAE0E1-D2EE-421F-AAB2-AB77EF8A99BC}.Release|Any CPU.Build.0 = Release|Any CPU
		{C5110F00-BAE1-4322-A548-EDFBB6172241}.Debug|Any CPU.ActiveCfg = Debug|Any CPU
		{C5110F00-BAE1-4322-A548-EDFBB6172241}.Debug|Any CPU.Build.0 = Debug|Any CPU
		{C5110F00-BAE1-4322-A548-EDFBB6172241}.Release|Any CPU.ActiveCfg = Release|Any CPU
		{C5110F00-BAE1-4322-A548-EDFBB6172241}.Release|Any CPU.Build.0 = Release|Any CPU
		{5F7C11D6-9C94-4FBD-95C2-9DD35B58C123}.Debug|Any CPU.ActiveCfg = Debug|Any CPU
		{5F7C11D6-9C94-4FBD-95C2-9DD35B58C123}.Debug|Any CPU.Build.0 = Debug|Any CPU
		{5F7C11D6-9C94-4FBD-95C2-9DD35B58C123}.Release|Any CPU.ActiveCfg = Release|Any CPU
		{5F7C11D6-9C94-4FBD-95C2-9DD35B58C123}.Release|Any CPU.Build.0 = Release|Any CPU
		{8D9F4808-F110-4797-8116-AD3E815D380E}.Debug|Any CPU.ActiveCfg = Debug|Any CPU
		{8D9F4808-F110-4797-8116-AD3E815D380E}.Debug|Any CPU.Build.0 = Debug|Any CPU
		{8D9F4808-F110-4797-8116-AD3E815D380E}.Release|Any CPU.ActiveCfg = Release|Any CPU
		{8D9F4808-F110-4797-8116-AD3E815D380E}.Release|Any CPU.Build.0 = Release|Any CPU
		{22C4775E-2AE9-47B5-BFE7-E3BCB2E04471}.Debug|Any CPU.ActiveCfg = Debug|Any CPU
		{22C4775E-2AE9-47B5-BFE7-E3BCB2E04471}.Debug|Any CPU.Build.0 = Debug|Any CPU
		{22C4775E-2AE9-47B5-BFE7-E3BCB2E04471}.Release|Any CPU.ActiveCfg = Release|Any CPU
		{22C4775E-2AE9-47B5-BFE7-E3BCB2E04471}.Release|Any CPU.Build.0 = Release|Any CPU
		{20DE7BAE-E38C-4DBC-91F9-9531E4087B41}.Debug|Any CPU.ActiveCfg = Debug|Any CPU
		{20DE7BAE-E38C-4DBC-91F9-9531E4087B41}.Debug|Any CPU.Build.0 = Debug|Any CPU
		{20DE7BAE-E38C-4DBC-91F9-9531E4087B41}.Release|Any CPU.ActiveCfg = Release|Any CPU
		{20DE7BAE-E38C-4DBC-91F9-9531E4087B41}.Release|Any CPU.Build.0 = Release|Any CPU
	EndGlobalSection
	GlobalSection(NestedProjects) = preSolution
		{0F3E4178-982A-4C21-9EB7-84F25FA96C88} = {B521ECA2-67D6-4387-A199-9B9CF2FA32BB}
		{92BEEB2B-C824-4AD1-8BCC-6B754110EF0C} = {CAE024CF-9D4B-4F38-A454-01494E6F4755}
		{D454D782-8D19-440C-9DBD-F277E3887F70} = {B521ECA2-67D6-4387-A199-9B9CF2FA32BB}
		{66BAE0E1-D2EE-421F-AAB2-AB77EF8A99BC} = {B521ECA2-67D6-4387-A199-9B9CF2FA32BB}
		{C5110F00-BAE1-4322-A548-EDFBB6172241} = {B521ECA2-67D6-4387-A199-9B9CF2FA32BB}
		{5F7C11D6-9C94-4FBD-95C2-9DD35B58C123} = {CAE024CF-9D4B-4F38-A454-01494E6F4755}
		{8D9F4808-F110-4797-8116-AD3E815D380E} = {CAE024CF-9D4B-4F38-A454-01494E6F4755}
		{22C4775E-2AE9-47B5-BFE7-E3BCB2E04471} = {CAE024CF-9D4B-4F38-A454-01494E6F4755}
		{20DE7BAE-E38C-4DBC-91F9-9531E4087B41} = {B521ECA2-67D6-4387-A199-9B9CF2FA32BB}
	EndGlobalSection
EndGlobal
